
Microsoft Visual Studio Solution File, Format Version 12.00
# Visual Studio Version 17
VisualStudioVersion = 17.7.34031.279
MinimumVisualStudioVersion = 10.0.40219.1
Project("{FAE04EC0-301F-11D3-BF4B-00C04F79EFBC}") = "busproject", "busproject\busproject.csproj", "{24D5D34A-5E71-4722-8E40-0270C63B2FE0}"
EndProject
Global
	GlobalSection(SolutionConfigurationPlatforms) = preSolution
		Debug|Any CPU = Debug|Any CPU
		Release|Any CPU = Release|Any CPU
	EndGlobalSection
	GlobalSection(ProjectConfigurationPlatforms) = postSolution
		{24D5D34A-5E71-4722-8E40-0270C63B2FE0}.Debug|Any CPU.ActiveCfg = Debug|Any CPU
		{24D5D34A-5E71-4722-8E40-0270C63B2FE0}.Debug|Any CPU.Build.0 = Debug|Any CPU
		{24D5D34A-5E71-4722-8E40-0270C63B2FE0}.Release|Any CPU.ActiveCfg = Release|Any CPU
		{24D5D34A-5E71-4722-8E40-0270C63B2FE0}.Release|Any CPU.Build.0 = Release|Any CPU
	EndGlobalSection
	GlobalSection(SolutionProperties) = preSolution
		HideSolutionNode = FALSE
	EndGlobalSection
	GlobalSection(ExtensibilityGlobals) = postSolution
		SolutionGuid = {3FAF2964-6E0F-4015-B5C5-91CFEC717075}
	EndGlobalSection
EndGlobal
